
Microsoft Visual Studio Solution File, Format Version 12.00
# Visual Studio Version 16
VisualStudioVersion = 16.0.32126.315
MinimumVisualStudioVersion = 10.0.40219.1
Project("{FAE04EC0-301F-11D3-BF4B-00C04F79EFBC}") = "Zadatak1", "Zadatak1\Zadatak1.csproj", "{ECADA98E-0368-47EF-B895-5F9FD194288F}"
EndProject
Global
	GlobalSection(SolutionConfigurationPlatforms) = preSolution
		Debug|Any CPU = Debug|Any CPU
		Release|Any CPU = Release|Any CPU
	EndGlobalSection
	GlobalSection(ProjectConfigurationPlatforms) = postSolution
		{ECADA98E-0368-47EF-B895-5F9FD194288F}.Debug|Any CPU.ActiveCfg = Debug|Any CPU
		{ECADA98E-0368-47EF-B895-5F9FD194288F}.Debug|Any CPU.Build.0 = Debug|Any CPU
		{ECADA98E-0368-47EF-B895-5F9FD194288F}.Release|Any CPU.ActiveCfg = Release|Any CPU
		{ECADA98E-0368-47EF-B895-5F9FD194288F}.Release|Any CPU.Build.0 = Release|Any CPU
	EndGlobalSection
	GlobalSection(SolutionProperties) = preSolution
		HideSolutionNode = FALSE
	EndGlobalSection
	GlobalSection(ExtensibilityGlobals) = postSolution
		SolutionGuid = {21BA0B44-8660-4903-970B-938EA7CDE460}
	EndGlobalSection
EndGlobal
